
Microsoft Visual Studio Solution File, Format Version 12.00
# Visual Studio Version 16
VisualStudioVersion = 16.0.30523.141
MinimumVisualStudioVersion = 10.0.40219.1
Project("{FAE04EC0-301F-11D3-BF4B-00C04F79EFBC}") = "lab3_miercuri", "lab3_miercuri\lab3_miercuri.csproj", "{53898366-9914-400E-B494-C37769D0C306}"
EndProject
Global
	GlobalSection(SolutionConfigurationPlatforms) = preSolution
		Debug|Any CPU = Debug|Any CPU
		Release|Any CPU = Release|Any CPU
	EndGlobalSection
	GlobalSection(ProjectConfigurationPlatforms) = postSolution
		{53898366-9914-400E-B494-C37769D0C306}.Debug|Any CPU.ActiveCfg = Debug|Any CPU
		{53898366-9914-400E-B494-C37769D0C306}.Debug|Any CPU.Build.0 = Debug|Any CPU
		{53898366-9914-400E-B494-C37769D0C306}.Release|Any CPU.ActiveCfg = Release|Any CPU
		{53898366-9914-400E-B494-C37769D0C306}.Release|Any CPU.Build.0 = Release|Any CPU
	EndGlobalSection
	GlobalSection(SolutionProperties) = preSolution
		HideSolutionNode = FALSE
	EndGlobalSection
	GlobalSection(ExtensibilityGlobals) = postSolution
		SolutionGuid = {AA6A5915-F24B-4BC9-A75D-7D3742699DBF}
	EndGlobalSection
EndGlobal
